
Microsoft Visual Studio Solution File, Format Version 12.00
# Visual Studio Version 17
VisualStudioVersion = 17.1.32407.343
MinimumVisualStudioVersion = 10.0.40219.1
Project("{8BC9CEB8-8B4A-11D0-8D11-00A0C91BC942}") = "ToolKit", "ToolKit\ToolKit.vcxproj", "{85523A06-924E-4B9D-B95C-411CB388936B}"
EndProject
Project("{2150E333-8FDC-42A3-9474-1A3956D46DE8}") = "Projects", "Projects", "{95FAC286-4592-4D07-8754-055C33FCD6B3}"
EndProject
Project("{2150E333-8FDC-42A3-9474-1A3956D46DE8}") = "Engine", "Engine", "{7B76CFC5-3DBB-45AC-8B68-50269EB5E0BF}"
EndProject
Project("{8BC9CEB8-8B4A-11D0-8D11-00A0C91BC942}") = "Template", "Template\Template.vcxproj", "{7A30B3BF-4169-45D4-84EF-B00DC94D8B1C}"
	ProjectSection(ProjectDependencies) = postProject
		{85523A06-924E-4B9D-B95C-411CB388936B} = {85523A06-924E-4B9D-B95C-411CB388936B}
	EndProjectSection
EndProject
Project("{8BC9CEB8-8B4A-11D0-8D11-00A0C91BC942}") = "Editor", "Editor\Editor.vcxproj", "{4C9F2815-B688-431C-966C-F9AEDAC07A78}"
	ProjectSection(ProjectDependencies) = postProject
		{85523A06-924E-4B9D-B95C-411CB388936B} = {85523A06-924E-4B9D-B95C-411CB388936B}
	EndProjectSection
EndProject
Project("{8BC9CEB8-8B4A-11D0-8D11-00A0C91BC942}") = "Import", "Import\Import.vcxproj", "{99A34D14-680F-4931-9365-20CFD35B621D}"
	ProjectSection(ProjectDependencies) = postProject
		{85523A06-924E-4B9D-B95C-411CB388936B} = {85523A06-924E-4B9D-B95C-411CB388936B}
		{4C9F2815-B688-431C-966C-F9AEDAC07A78} = {4C9F2815-B688-431C-966C-F9AEDAC07A78}
	EndProjectSection
EndProject
Global
	GlobalSection(SolutionConfigurationPlatforms) = preSolution
		Debug|x64 = Debug|x64
		Release|x64 = Release|x64
	EndGlobalSection
	GlobalSection(ProjectConfigurationPlatforms) = postSolution
		{85523A06-924E-4B9D-B95C-411CB388936B}.Debug|x64.ActiveCfg = Debug|x64
		{85523A06-924E-4B9D-B95C-411CB388936B}.Debug|x64.Build.0 = Debug|x64
		{85523A06-924E-4B9D-B95C-411CB388936B}.Release|x64.ActiveCfg = Release|x64
		{85523A06-924E-4B9D-B95C-411CB388936B}.Release|x64.Build.0 = Release|x64
		{7A30B3BF-4169-45D4-84EF-B00DC94D8B1C}.Debug|x64.ActiveCfg = Debug|x64
		{7A30B3BF-4169-45D4-84EF-B00DC94D8B1C}.Release|x64.ActiveCfg = Release|x64
		{4C9F2815-B688-431C-966C-F9AEDAC07A78}.Debug|x64.ActiveCfg = Debug|x64
		{4C9F2815-B688-431C-966C-F9AEDAC07A78}.Debug|x64.Build.0 = Debug|x64
		{4C9F2815-B688-431C-966C-F9AEDAC07A78}.Release|x64.ActiveCfg = Release|x64
		{4C9F2815-B688-431C-966C-F9AEDAC07A78}.Release|x64.Build.0 = Release|x64
		{99A34D14-680F-4931-9365-20CFD35B621D}.Debug|x64.ActiveCfg = Debug|x64
		{99A34D14-680F-4931-9365-20CFD35B621D}.Debug|x64.Build.0 = Debug|x64
		{99A34D14-680F-4931-9365-20CFD35B621D}.Release|x64.ActiveCfg = Release|x64
		{99A34D14-680F-4931-9365-20CFD35B621D}.Release|x64.Build.0 = Release|x64
	EndGlobalSection
	GlobalSection(SolutionProperties) = preSolution
		HideSolutionNode = FALSE
	EndGlobalSection
	GlobalSection(NestedProjects) = preSolution
		{85523A06-924E-4B9D-B95C-411CB388936B} = {7B76CFC5-3DBB-45AC-8B68-50269EB5E0BF}
		{7A30B3BF-4169-45D4-84EF-B00DC94D8B1C} = {95FAC286-4592-4D07-8754-055C33FCD6B3}
		{4C9F2815-B688-431C-966C-F9AEDAC07A78} = {7B76CFC5-3DBB-45AC-8B68-50269EB5E0BF}
		{99A34D14-680F-4931-9365-20CFD35B621D} = {7B76CFC5-3DBB-45AC-8B68-50269EB5E0BF}
	EndGlobalSection
	GlobalSection(ExtensibilityGlobals) = postSolution
		SolutionGuid = {464B3188-FFF2-428E-BA53-111139145374}
	EndGlobalSection
EndGlobal
