<?xml version="1.0" encoding="utf-8"?>
<Project ToolsVersion="4.0" xmlns="http://schemas.microsoft.com/developer/msbuild/2003">
  <ItemGroup>
    <Filter Include="Source">
      <UniqueIdentifier>{9fad1c78-f44f-4f3d-bd80-80d2485b1524}</UniqueIdentifier>
    </Filter>
    <Filter Include="Mods">
      <UniqueIdentifier>{1aaa25f9-ba8f-4c67-a165-afd0ced38f10}</UniqueIdentifier>
    </Filter>
    <Filter Include="UI">
      <UniqueIdentifier>{3f04a579-03cf-4d54-8a19-71d5241aac83}</UniqueIdentifier>
    </Filter>
    <Filter Include="UI\ImGui">
      <UniqueIdentifier>{bd5e2daf-8f9d-415f-a384-97eb0c4eaa08}</UniqueIdentifier>
    </Filter>
    <Filter Include="Entities">
      <UniqueIdentifier>{23ef0147-ea57-41a4-9b24-719e3e46ff22}</UniqueIdentifier>
    </Filter>
  </ItemGroup>
  <ItemGroup>
    <ClCompile Include="main.cpp">
      <Filter>Source</Filter>
    </ClCompile>
    <ClCompile Include="ImGui\imgui.cpp">
      <Filter>UI\ImGui</Filter>
    </ClCompile>
    <ClCompile Include="ImGui\imgui_impl_opengl3.cpp">
      <Filter>UI\ImGui</Filter>
    </ClCompile>
    <ClCompile Include="ImGui\imgui_impl_sdl.cpp">
      <Filter>UI\ImGui</Filter>
    </ClCompile>
    <ClCompile Include="ImGui\imgui_demo.cpp">
      <Filter>UI\ImGui</Filter>
    </ClCompile>
    <ClCompile Include="ImGui\imgui_draw.cpp">
      <Filter>UI\ImGui</Filter>
    </ClCompile>
    <ClCompile Include="ImGui\imgui_widgets.cpp">
      <Filter>UI\ImGui</Filter>
    </ClCompile>
    <ClCompile Include="App.cpp">
      <Filter>Source</Filter>
    </ClCompile>
    <ClCompile Include="stdafx.cpp">
      <Filter>Source</Filter>
    </ClCompile>
    <ClCompile Include="Mod.cpp">
      <Filter>Mods</Filter>
    </ClCompile>
    <ClCompile Include="UI.cpp">
      <Filter>UI</Filter>
    </ClCompile>
    <ClCompile Include="ConsoleWindow.cpp">
      <Filter>UI</Filter>
    </ClCompile>
    <ClCompile Include="Grid.cpp">
      <Filter>Entities</Filter>
    </ClCompile>
    <ClCompile Include="Gizmo.cpp">
      <Filter>Entities</Filter>
    </ClCompile>
    <ClCompile Include="TransformMod.cpp">
      <Filter>Mods</Filter>
    </ClCompile>
    <ClCompile Include="OverlayUI.cpp">
      <Filter>UI</Filter>
    </ClCompile>
    <ClCompile Include="ImGui\imgui_stdlib.cpp">
      <Filter>UI\ImGui</Filter>
    </ClCompile>
    <ClCompile Include="FolderWindow.cpp">
      <Filter>UI</Filter>
    </ClCompile>
    <ClCompile Include="OutlinerWindow.cpp">
      <Filter>UI</Filter>
    </ClCompile>
    <ClCompile Include="ImGui\imgui_tables.cpp">
      <Filter>UI\ImGui</Filter>
    </ClCompile>
    <ClCompile Include="PropInspector.cpp">
      <Filter>UI</Filter>
    </ClCompile>
    <ClCompile Include="EditorScene.cpp">
      <Filter>Source</Filter>
    </ClCompile>
    <ClCompile Include="Workspace.cpp">
      <Filter>Source</Filter>
    </ClCompile>
    <ClCompile Include="EditorViewport.cpp">
      <Filter>UI</Filter>
    </ClCompile>
    <ClCompile Include="PluginWindow.cpp">
      <Filter>UI</Filter>
    </ClCompile>
    <ClCompile Include="EditorViewport2d.cpp">
      <Filter>UI</Filter>
    </ClCompile>
    <ClCompile Include="EditorCamera.cpp">
      <Filter>Entities</Filter>
    </ClCompile>
    <ClCompile Include="EditorLight.cpp">
      <Filter>Entities</Filter>
    </ClCompile>
    <ClCompile Include="PublishManager.cpp">
      <Filter>Source</Filter>
    </ClCompile>
    <ClCompile Include="Action.cpp">
      <Filter>Source</Filter>
    </ClCompile>
    <ClCompile Include="MaterialInspector.cpp">
      <Filter>UI</Filter>
    </ClCompile>
  </ItemGroup>
  <ItemGroup>
    <ClInclude Include="ImGui\imconfig.h">
      <Filter>UI\ImGui</Filter>
    </ClInclude>
    <ClInclude Include="ImGui\imgui.h">
      <Filter>UI\ImGui</Filter>
    </ClInclude>
    <ClInclude Include="ImGui\imgui_impl_opengl3.h">
      <Filter>UI\ImGui</Filter>
    </ClInclude>
    <ClInclude Include="ImGui\imgui_impl_sdl.h">
      <Filter>UI\ImGui</Filter>
    </ClInclude>
    <ClInclude Include="ImGui\imgui_internal.h">
      <Filter>UI\ImGui</Filter>
    </ClInclude>
    <ClInclude Include="ImGui\imstb_rectpack.h">
      <Filter>UI\ImGui</Filter>
    </ClInclude>
    <ClInclude Include="ImGui\imstb_textedit.h">
      <Filter>UI\ImGui</Filter>
    </ClInclude>
    <ClInclude Include="ImGui\imstb_truetype.h">
      <Filter>UI\ImGui</Filter>
    </ClInclude>
    <ClInclude Include="Mod.h">
      <Filter>Mods</Filter>
    </ClInclude>
    <ClInclude Include="UI.h">
      <Filter>UI</Filter>
    </ClInclude>
    <ClInclude Include="ConsoleWindow.h">
      <Filter>UI</Filter>
    </ClInclude>
    <ClInclude Include="Grid.h">
      <Filter>Entities</Filter>
    </ClInclude>
    <ClInclude Include="Gizmo.h">
      <Filter>Entities</Filter>
    </ClInclude>
    <ClInclude Include="GlobalDef.h">
      <Filter>Source</Filter>
    </ClInclude>
    <ClInclude Include="App.h">
      <Filter>Source</Filter>
    </ClInclude>
    <ClInclude Include="TransformMod.h">
      <Filter>Mods</Filter>
    </ClInclude>
    <ClInclude Include="OverlayUI.h">
      <Filter>UI</Filter>
    </ClInclude>
    <ClInclude Include="ImGui\imgui_stdlib.h">
      <Filter>UI\ImGui</Filter>
    </ClInclude>
    <ClInclude Include="FolderWindow.h">
      <Filter>UI</Filter>
    </ClInclude>
    <ClInclude Include="OutlinerWindow.h">
      <Filter>UI</Filter>
    </ClInclude>
    <ClInclude Include="PropInspector.h">
      <Filter>UI</Filter>
    </ClInclude>
    <ClInclude Include="EditorScene.h">
      <Filter>Source</Filter>
    </ClInclude>
    <ClInclude Include="Workspace.h">
      <Filter>Source</Filter>
    </ClInclude>
    <ClInclude Include="EditorViewport.h">
      <Filter>UI</Filter>
    </ClInclude>
    <ClInclude Include="PluginWindow.h">
      <Filter>UI</Filter>
    </ClInclude>
    <ClInclude Include="EditorViewport2d.h">
      <Filter>UI</Filter>
    </ClInclude>
    <ClInclude Include="EditorCamera.h">
      <Filter>Entities</Filter>
    </ClInclude>
    <ClInclude Include="ImGui\imgui_impl_opengl3_loader.h">
      <Filter>UI\ImGui</Filter>
    </ClInclude>
    <ClInclude Include="EditorLight.h">
      <Filter>Entities</Filter>
    </ClInclude>
    <ClInclude Include="PublishManager.h">
      <Filter>Source</Filter>
    </ClInclude>
    <ClInclude Include="Action.h">
      <Filter>Source</Filter>
    </ClInclude>
    <ClInclude Include="MaterialInspector.h">
      <Filter>UI</Filter>
    </ClInclude>
  </ItemGroup>
  <ItemGroup>
    <ResourceCompile Include="Editor.rc" />
  </ItemGroup>
</Project>