<?xml version="1.0" encoding="utf-8"?>
<Project ToolsVersion="4.0" xmlns="http://schemas.microsoft.com/developer/msbuild/2003">
  <ItemGroup>
    <Filter Include="Source">
      <UniqueIdentifier>{9fad1c78-f44f-4f3d-bd80-80d2485b1524}</UniqueIdentifier>
    </Filter>
    <Filter Include="Mods">
      <UniqueIdentifier>{1aaa25f9-ba8f-4c67-a165-afd0ced38f10}</UniqueIdentifier>
    </Filter>
    <Filter Include="UI">
      <UniqueIdentifier>{3f04a579-03cf-4d54-8a19-71d5241aac83}</UniqueIdentifier>
    </Filter>
    <Filter Include="Entities">
      <UniqueIdentifier>{23ef0147-ea57-41a4-9b24-719e3e46ff22}</UniqueIdentifier>
    </Filter>
    <Filter Include="Render">
      <UniqueIdentifier>{56fd2dee-1e1f-4e27-83aa-87bc7f0eeb13}</UniqueIdentifier>
    </Filter>
    <Filter Include="Render\Pass">
      <UniqueIdentifier>{82d56f23-d5eb-42d1-b37f-d85466a6574b}</UniqueIdentifier>
    </Filter>
    <Filter Include="UI\Overlay">
      <UniqueIdentifier>{2096fff2-8acd-4c35-a843-c3178b038c13}</UniqueIdentifier>
    </Filter>
    <Filter Include="UI\Viewport">
      <UniqueIdentifier>{4732c142-91d9-41bb-a9f6-164d43aee9f1}</UniqueIdentifier>
    </Filter>
    <Filter Include="UI\Window">
      <UniqueIdentifier>{c0edd973-4adb-474a-9ccd-5f9fa83c78a5}</UniqueIdentifier>
    </Filter>
    <Filter Include="UI\View">
      <UniqueIdentifier>{0dc80406-1a58-4f44-abab-b7242951b6f2}</UniqueIdentifier>
    </Filter>
    <Filter Include="Entities\Light">
      <UniqueIdentifier>{c12b5b45-b985-4c76-b98c-0b6df21c0976}</UniqueIdentifier>
    </Filter>
  </ItemGroup>
  <ItemGroup>
    <ClCompile Include="main.cpp">
      <Filter>Source</Filter>
    </ClCompile>
    <ClCompile Include="App.cpp">
      <Filter>Source</Filter>
    </ClCompile>
    <ClCompile Include="stdafx.cpp">
      <Filter>Source</Filter>
    </ClCompile>
    <ClCompile Include="Mod.cpp">
      <Filter>Mods</Filter>
    </ClCompile>
    <ClCompile Include="UI.cpp">
      <Filter>UI</Filter>
    </ClCompile>
    <ClCompile Include="Grid.cpp">
      <Filter>Entities</Filter>
    </ClCompile>
    <ClCompile Include="Gizmo.cpp">
      <Filter>Entities</Filter>
    </ClCompile>
    <ClCompile Include="TransformMod.cpp">
      <Filter>Mods</Filter>
    </ClCompile>
    <ClCompile Include="EditorScene.cpp">
      <Filter>Source</Filter>
    </ClCompile>
    <ClCompile Include="Workspace.cpp">
      <Filter>Source</Filter>
    </ClCompile>
    <ClCompile Include="EditorCamera.cpp">
      <Filter>Entities</Filter>
    </ClCompile>
    <ClCompile Include="PublishManager.cpp">
      <Filter>Source</Filter>
    </ClCompile>
    <ClCompile Include="Action.cpp">
      <Filter>Source</Filter>
    </ClCompile>
    <ClCompile Include="AnchorMod.cpp">
      <Filter>Mods</Filter>
    </ClCompile>
    <ClCompile Include="Anchor.cpp">
      <Filter>Entities</Filter>
    </ClCompile>
    <ClCompile Include="EntityView.cpp">
      <Filter>UI\View</Filter>
    </ClCompile>
    <ClCompile Include="PrefabView.cpp">
      <Filter>UI\View</Filter>
    </ClCompile>
    <ClCompile Include="ComponentView.cpp">
      <Filter>UI\View</Filter>
    </ClCompile>
    <ClCompile Include="CustomDataView.cpp">
      <Filter>UI\View</Filter>
    </ClCompile>
    <ClCompile Include="MaterialView.cpp">
      <Filter>UI\View</Filter>
    </ClCompile>
    <ClCompile Include="MeshView.cpp">
      <Filter>UI\View</Filter>
    </ClCompile>
    <ClCompile Include="Thumbnail.cpp">
      <Filter>Source</Filter>
    </ClCompile>
    <ClCompile Include="EditorRenderer.cpp">
      <Filter>Render</Filter>
    </ClCompile>
    <ClCompile Include="GizmoPass.cpp">
      <Filter>Render\Pass</Filter>
    </ClCompile>
    <ClCompile Include="OverlayUI.cpp">
      <Filter>UI\Overlay</Filter>
    </ClCompile>
    <ClCompile Include="TopBar.cpp">
      <Filter>UI\Overlay</Filter>
    </ClCompile>
    <ClCompile Include="TopBar2d.cpp">
      <Filter>UI\Overlay</Filter>
    </ClCompile>
    <ClCompile Include="StatusBar.cpp">
      <Filter>UI\Overlay</Filter>
    </ClCompile>
    <ClCompile Include="LeftBar.cpp">
      <Filter>UI\Overlay</Filter>
    </ClCompile>
    <ClCompile Include="OverlayLighting.cpp">
      <Filter>UI\Overlay</Filter>
    </ClCompile>
    <ClCompile Include="EditorViewport.cpp">
      <Filter>UI\Viewport</Filter>
    </ClCompile>
    <ClCompile Include="EditorViewport2d.cpp">
      <Filter>UI\Viewport</Filter>
    </ClCompile>
    <ClCompile Include="ConsoleWindow.cpp">
      <Filter>UI\Window</Filter>
    </ClCompile>
    <ClCompile Include="FolderWindow.cpp">
      <Filter>UI\Window</Filter>
    </ClCompile>
    <ClCompile Include="MultiChoiceWindow.cpp">
      <Filter>UI\Window</Filter>
    </ClCompile>
    <ClCompile Include="OutlinerWindow.cpp">
      <Filter>UI\Window</Filter>
    </ClCompile>
    <ClCompile Include="SimulationWindow.cpp">
      <Filter>UI\Window</Filter>
    </ClCompile>
    <ClCompile Include="PopupWindows.cpp">
      <Filter>UI\Window</Filter>
    </ClCompile>
    <ClCompile Include="PropInspectorWindow.cpp">
      <Filter>UI\Window</Filter>
    </ClCompile>
    <ClCompile Include="FolderView.cpp">
      <Filter>UI\Window</Filter>
    </ClCompile>
    <ClCompile Include="EditorLight.cpp">
      <Filter>Entities\Light</Filter>
    </ClCompile>
    <ClCompile Include="LightMeshGenerator.cpp">
      <Filter>Entities\Light</Filter>
    </ClCompile>
    <ClCompile Include="DynamicMenu.cpp">
      <Filter>UI</Filter>
    </ClCompile>
    <ClCompile Include="AndroidBuildWindow.cpp">
      <Filter>UI\Window</Filter>
    </ClCompile>
    <ClCompile Include="EditorApi.cpp">
      <Filter>Source</Filter>
    </ClCompile>
    <ClCompile Include="Window.cpp">
      <Filter>UI</Filter>
    </ClCompile>
    <ClCompile Include="View.cpp">
      <Filter>UI\View</Filter>
    </ClCompile>
    <ClCompile Include="PreviewViewport.cpp">
      <Filter>UI\Viewport</Filter>
    </ClCompile>
    <ClCompile Include="RenderSettingsWindow.cpp">
      <Filter>UI\Window</Filter>
    </ClCompile>
    <ClCompile Include="StatsWindow.cpp">
      <Filter>UI\Window</Filter>
    </ClCompile>
    <ClCompile Include="DirectoryEntry.cpp">
      <Filter>UI\Window</Filter>
    </ClCompile>
    <ClCompile Include="PluginWindow.cpp">
      <Filter>UI\Window</Filter>
    </ClCompile>
    <ClCompile Include="EditorBillboard.cpp">
      <Filter>Entities</Filter>
    </ClCompile>
  </ItemGroup>
  <ItemGroup>
    <ClInclude Include="Mod.h">
      <Filter>Mods</Filter>
    </ClInclude>
    <ClInclude Include="UI.h">
      <Filter>UI</Filter>
    </ClInclude>
    <ClInclude Include="Grid.h">
      <Filter>Entities</Filter>
    </ClInclude>
    <ClInclude Include="Gizmo.h">
      <Filter>Entities</Filter>
    </ClInclude>
    <ClInclude Include="EditorTypes.h">
      <Filter>Source</Filter>
    </ClInclude>
    <ClInclude Include="App.h">
      <Filter>Source</Filter>
    </ClInclude>
    <ClInclude Include="TransformMod.h">
      <Filter>Mods</Filter>
    </ClInclude>
    <ClInclude Include="EditorScene.h">
      <Filter>Source</Filter>
    </ClInclude>
    <ClInclude Include="Workspace.h">
      <Filter>Source</Filter>
    </ClInclude>
    <ClInclude Include="EditorCamera.h">
      <Filter>Entities</Filter>
    </ClInclude>
    <ClInclude Include="PublishManager.h">
      <Filter>Source</Filter>
    </ClInclude>
    <ClInclude Include="Action.h">
      <Filter>Source</Filter>
    </ClInclude>
    <ClInclude Include="AnchorMod.h">
      <Filter>Mods</Filter>
    </ClInclude>
    <ClInclude Include="Anchor.h">
      <Filter>Entities</Filter>
    </ClInclude>
    <ClInclude Include="EntityView.h">
      <Filter>UI\View</Filter>
    </ClInclude>
    <ClInclude Include="PrefabView.h">
      <Filter>UI\View</Filter>
    </ClInclude>
    <ClInclude Include="ComponentView.h">
      <Filter>UI\View</Filter>
    </ClInclude>
    <ClInclude Include="CustomDataView.h">
      <Filter>UI\View</Filter>
    </ClInclude>
    <ClInclude Include="MaterialView.h">
      <Filter>UI\View</Filter>
    </ClInclude>
    <ClInclude Include="MeshView.h">
      <Filter>UI\View</Filter>
    </ClInclude>
    <ClInclude Include="Thumbnail.h">
      <Filter>Source</Filter>
    </ClInclude>
    <ClInclude Include="EditorRenderer.h">
      <Filter>Render</Filter>
    </ClInclude>
    <ClInclude Include="GizmoPass.h">
      <Filter>Render\Pass</Filter>
    </ClInclude>
    <ClInclude Include="OverlayUI.h">
      <Filter>UI\Overlay</Filter>
    </ClInclude>
    <ClInclude Include="TopBar.h">
      <Filter>UI\Overlay</Filter>
    </ClInclude>
    <ClInclude Include="TopBar2d.h">
      <Filter>UI\Overlay</Filter>
    </ClInclude>
    <ClInclude Include="StatusBar.h">
      <Filter>UI\Overlay</Filter>
    </ClInclude>
    <ClInclude Include="LeftBar.h">
      <Filter>UI\Overlay</Filter>
    </ClInclude>
    <ClInclude Include="OverlayLighting.h">
      <Filter>UI\Overlay</Filter>
    </ClInclude>
    <ClInclude Include="EditorViewport.h">
      <Filter>UI\Viewport</Filter>
    </ClInclude>
    <ClInclude Include="EditorViewport2d.h">
      <Filter>UI\Viewport</Filter>
    </ClInclude>
    <ClInclude Include="ConsoleWindow.h">
      <Filter>UI\Window</Filter>
    </ClInclude>
    <ClInclude Include="FolderWindow.h">
      <Filter>UI\Window</Filter>
    </ClInclude>
    <ClInclude Include="MultiChoiceWindow.h">
      <Filter>UI\Window</Filter>
    </ClInclude>
    <ClInclude Include="OutlinerWindow.h">
      <Filter>UI\Window</Filter>
    </ClInclude>
    <ClInclude Include="SimulationWindow.h">
      <Filter>UI\Window</Filter>
    </ClInclude>
    <ClInclude Include="PopupWindows.h">
      <Filter>UI\Window</Filter>
    </ClInclude>
    <ClInclude Include="PropInspectorWindow.h">
      <Filter>UI\Window</Filter>
    </ClInclude>
    <ClInclude Include="IconsFontAwesome.h">
      <Filter>UI</Filter>
    </ClInclude>
    <ClInclude Include="EditorLight.h">
      <Filter>Entities\Light</Filter>
    </ClInclude>
    <ClInclude Include="LightMeshGenerator.h">
      <Filter>Entities\Light</Filter>
    </ClInclude>
    <ClInclude Include="DynamicMenu.h">
      <Filter>UI</Filter>
    </ClInclude>
    <ClInclude Include="AndroidBuildWindow.h">
      <Filter>UI\Window</Filter>
    </ClInclude>
    <ClInclude Include="EditorApi.h">
      <Filter>Source</Filter>
    </ClInclude>
    <ClInclude Include="Window.h">
      <Filter>UI</Filter>
    </ClInclude>
    <ClInclude Include="View.h">
      <Filter>UI\View</Filter>
    </ClInclude>
    <ClInclude Include="PreviewViewport.h">
      <Filter>UI\Viewport</Filter>
    </ClInclude>
    <ClInclude Include="RenderSettingsWindow.h">
      <Filter>UI\Window</Filter>
    </ClInclude>
    <ClInclude Include="StatsWindow.h">
      <Filter>UI\Window</Filter>
    </ClInclude>
    <ClInclude Include="DirectoryEntry.h">
      <Filter>UI\Window</Filter>
    </ClInclude>
    <ClInclude Include="PluginWindow.h">
      <Filter>UI\Window</Filter>
    </ClInclude>
    <ClInclude Include="EditorBillboard.h">
      <Filter>Entities</Filter>
    </ClInclude>
  </ItemGroup>
  <ItemGroup>
    <ResourceCompile Include="Editor.rc" />
  </ItemGroup>
</Project>