<?xml version="1.0" encoding="utf-8"?>
<Project ToolsVersion="4.0" xmlns="http://schemas.microsoft.com/developer/msbuild/2003">
  <ItemGroup>
    <Filter Include="Source">
      <UniqueIdentifier>{155f1611-ed72-491b-bf50-b2e21a9ba1d3}</UniqueIdentifier>
    </Filter>
  </ItemGroup>
  <ItemGroup>
    <ClInclude Include="..\Source\Animation.h">
      <Filter>Source</Filter>
    </ClInclude>
    <ClInclude Include="..\Source\Audio.h">
      <Filter>Source</Filter>
    </ClInclude>
    <ClInclude Include="..\Source\DebugNew.h">
      <Filter>Source</Filter>
    </ClInclude>
    <ClInclude Include="..\Source\Directional.h">
      <Filter>Source</Filter>
    </ClInclude>
    <ClInclude Include="..\Source\Drawable.h">
      <Filter>Source</Filter>
    </ClInclude>
    <ClInclude Include="..\Source\Entity.h">
      <Filter>Source</Filter>
    </ClInclude>
    <ClInclude Include="..\Source\Logger.h">
      <Filter>Source</Filter>
    </ClInclude>
    <ClInclude Include="..\Source\Material.h">
      <Filter>Source</Filter>
    </ClInclude>
    <ClInclude Include="..\Source\MathUtil.h">
      <Filter>Source</Filter>
    </ClInclude>
    <ClInclude Include="..\Source\Mesh.h">
      <Filter>Source</Filter>
    </ClInclude>
    <ClInclude Include="..\Source\Node.h">
      <Filter>Source</Filter>
    </ClInclude>
    <ClInclude Include="..\Source\Primative.h">
      <Filter>Source</Filter>
    </ClInclude>
    <ClInclude Include="..\Source\Renderer.h">
      <Filter>Source</Filter>
    </ClInclude>
    <ClInclude Include="..\Source\RenderState.h">
      <Filter>Source</Filter>
    </ClInclude>
    <ClInclude Include="..\Source\Resource.h">
      <Filter>Source</Filter>
    </ClInclude>
    <ClInclude Include="..\Source\ResourceManager.h">
      <Filter>Source</Filter>
    </ClInclude>
    <ClInclude Include="..\Source\Shader.h">
      <Filter>Source</Filter>
    </ClInclude>
    <ClInclude Include="..\Source\Skeleton.h">
      <Filter>Source</Filter>
    </ClInclude>
    <ClInclude Include="..\Source\SpriteSheet.h">
      <Filter>Source</Filter>
    </ClInclude>
    <ClInclude Include="..\Source\stdafx.h">
      <Filter>Source</Filter>
    </ClInclude>
    <ClInclude Include="..\Source\Surface.h">
      <Filter>Source</Filter>
    </ClInclude>
    <ClInclude Include="..\Source\Texture.h">
      <Filter>Source</Filter>
    </ClInclude>
    <ClInclude Include="..\Source\Util.h">
      <Filter>Source</Filter>
    </ClInclude>
    <ClInclude Include="..\Source\ToolKit.h">
      <Filter>Source</Filter>
    </ClInclude>
    <ClInclude Include="..\Source\Types.h">
      <Filter>Source</Filter>
    </ClInclude>
    <ClInclude Include="..\Source\StateMachine.h">
      <Filter>Source</Filter>
    </ClInclude>
    <ClInclude Include="..\Source\ParameterBlock.h">
      <Filter>Source</Filter>
    </ClInclude>
    <ClInclude Include="..\Source\GlobalCache.h">
      <Filter>Source</Filter>
    </ClInclude>
    <ClInclude Include="..\Source\Serialize.h">
      <Filter>Source</Filter>
    </ClInclude>
    <ClInclude Include="..\Source\Scene.h">
      <Filter>Source</Filter>
    </ClInclude>
    <ClInclude Include="..\Source\Plugin.h">
      <Filter>Source</Filter>
    </ClInclude>
    <ClInclude Include="..\Source\PluginManager.h">
      <Filter>Source</Filter>
    </ClInclude>
  </ItemGroup>
  <ItemGroup>
    <ClCompile Include="..\Source\Animation.cpp">
      <Filter>Source</Filter>
    </ClCompile>
    <ClCompile Include="..\Source\Audio.cpp">
      <Filter>Source</Filter>
    </ClCompile>
    <ClCompile Include="..\Source\Directional.cpp">
      <Filter>Source</Filter>
    </ClCompile>
    <ClCompile Include="..\Source\Drawable.cpp">
      <Filter>Source</Filter>
    </ClCompile>
    <ClCompile Include="..\Source\Entity.cpp">
      <Filter>Source</Filter>
    </ClCompile>
    <ClCompile Include="..\Source\Logger.cpp">
      <Filter>Source</Filter>
    </ClCompile>
    <ClCompile Include="..\Source\Material.cpp">
      <Filter>Source</Filter>
    </ClCompile>
    <ClCompile Include="..\Source\MathUtil.cpp">
      <Filter>Source</Filter>
    </ClCompile>
    <ClCompile Include="..\Source\Mesh.cpp">
      <Filter>Source</Filter>
    </ClCompile>
    <ClCompile Include="..\Source\Node.cpp">
      <Filter>Source</Filter>
    </ClCompile>
    <ClCompile Include="..\Source\Primative.cpp">
      <Filter>Source</Filter>
    </ClCompile>
    <ClCompile Include="..\Source\Renderer.cpp">
      <Filter>Source</Filter>
    </ClCompile>
    <ClCompile Include="..\Source\Shader.cpp">
      <Filter>Source</Filter>
    </ClCompile>
    <ClCompile Include="..\Source\Skeleton.cpp">
      <Filter>Source</Filter>
    </ClCompile>
    <ClCompile Include="..\Source\SpriteSheet.cpp">
      <Filter>Source</Filter>
    </ClCompile>
    <ClCompile Include="..\Source\stdafx.cpp">
      <Filter>Source</Filter>
    </ClCompile>
    <ClCompile Include="..\Source\Surface.cpp">
      <Filter>Source</Filter>
    </ClCompile>
    <ClCompile Include="..\Source\Texture.cpp">
      <Filter>Source</Filter>
    </ClCompile>
    <ClCompile Include="..\Source\Util.cpp">
      <Filter>Source</Filter>
    </ClCompile>
    <ClCompile Include="..\Source\ToolKit.cpp">
      <Filter>Source</Filter>
    </ClCompile>
    <ClCompile Include="..\Source\StateMachine.cpp">
      <Filter>Source</Filter>
    </ClCompile>
    <ClCompile Include="..\Source\ParameterBlock.cpp">
      <Filter>Source</Filter>
    </ClCompile>
    <ClCompile Include="..\Source\ResourceManager.cpp">
      <Filter>Source</Filter>
    </ClCompile>
    <ClCompile Include="..\Source\Resource.cpp">
      <Filter>Source</Filter>
    </ClCompile>
    <ClCompile Include="..\Source\Scene.cpp">
      <Filter>Source</Filter>
    </ClCompile>
    <ClCompile Include="..\Source\PluginManager.cpp">
      <Filter>Source</Filter>
    </ClCompile>
  </ItemGroup>
</Project>