<?xml version="1.0" encoding="utf-8"?>
<Project ToolsVersion="4.0" xmlns="http://schemas.microsoft.com/developer/msbuild/2003">
  <ItemGroup>
    <Filter Include="Source">
      <UniqueIdentifier>{b9272a08-74f2-4119-add4-68697b39f5e9}</UniqueIdentifier>
    </Filter>
    <Filter Include="Source\Component">
      <UniqueIdentifier>{abe79bd2-78b3-46a4-99b4-82b7fbc43e63}</UniqueIdentifier>
    </Filter>
  </ItemGroup>
  <ItemGroup>
    <ClCompile Include="Animation.cpp">
      <Filter>Source</Filter>
    </ClCompile>
    <ClCompile Include="Audio.cpp">
      <Filter>Source</Filter>
    </ClCompile>
    <ClCompile Include="Camera.cpp">
      <Filter>Source</Filter>
    </ClCompile>
    <ClCompile Include="Drawable.cpp">
      <Filter>Source</Filter>
    </ClCompile>
    <ClCompile Include="Entity.cpp">
      <Filter>Source</Filter>
    </ClCompile>
    <ClCompile Include="Logger.cpp">
      <Filter>Source</Filter>
    </ClCompile>
    <ClCompile Include="Material.cpp">
      <Filter>Source</Filter>
    </ClCompile>
    <ClCompile Include="MathUtil.cpp">
      <Filter>Source</Filter>
    </ClCompile>
    <ClCompile Include="Mesh.cpp">
      <Filter>Source</Filter>
    </ClCompile>
    <ClCompile Include="Node.cpp">
      <Filter>Source</Filter>
    </ClCompile>
    <ClCompile Include="ParameterBlock.cpp">
      <Filter>Source</Filter>
    </ClCompile>
    <ClCompile Include="PluginManager.cpp">
      <Filter>Source</Filter>
    </ClCompile>
    <ClCompile Include="Primative.cpp">
      <Filter>Source</Filter>
    </ClCompile>
    <ClCompile Include="Renderer.cpp">
      <Filter>Source</Filter>
    </ClCompile>
    <ClCompile Include="RenderState.cpp">
      <Filter>Source</Filter>
    </ClCompile>
    <ClCompile Include="Resource.cpp">
      <Filter>Source</Filter>
    </ClCompile>
    <ClCompile Include="ResourceManager.cpp">
      <Filter>Source</Filter>
    </ClCompile>
    <ClCompile Include="Scene.cpp">
      <Filter>Source</Filter>
    </ClCompile>
    <ClCompile Include="Shader.cpp">
      <Filter>Source</Filter>
    </ClCompile>
    <ClCompile Include="Skeleton.cpp">
      <Filter>Source</Filter>
    </ClCompile>
    <ClCompile Include="SpriteSheet.cpp">
      <Filter>Source</Filter>
    </ClCompile>
    <ClCompile Include="StateMachine.cpp">
      <Filter>Source</Filter>
    </ClCompile>
    <ClCompile Include="stdafx.cpp">
      <Filter>Source</Filter>
    </ClCompile>
    <ClCompile Include="Surface.cpp">
      <Filter>Source</Filter>
    </ClCompile>
    <ClCompile Include="Texture.cpp">
      <Filter>Source</Filter>
    </ClCompile>
    <ClCompile Include="ToolKit.cpp">
      <Filter>Source</Filter>
    </ClCompile>
    <ClCompile Include="UIManager.cpp">
      <Filter>Source</Filter>
    </ClCompile>
    <ClCompile Include="Util.cpp">
      <Filter>Source</Filter>
    </ClCompile>
    <ClCompile Include="Viewport.cpp">
      <Filter>Source</Filter>
    </ClCompile>
    <ClCompile Include="Light.cpp">
      <Filter>Source</Filter>
    </ClCompile>
    <ClCompile Include="FileManager.cpp">
      <Filter>Source</Filter>
    </ClCompile>
    <ClCompile Include="Component.cpp">
      <Filter>Source\Component</Filter>
    </ClCompile>
    <ClCompile Include="DirectionComponent.cpp">
      <Filter>Source\Component</Filter>
    </ClCompile>
    <ClCompile Include="ResourceComponent.cpp">
      <Filter>Source\Component</Filter>
    </ClCompile>
    <ClCompile Include="Sky.cpp">
      <Filter>Source</Filter>
    </ClCompile>
  </ItemGroup>
  <ItemGroup>
    <ClInclude Include="Animation.h">
      <Filter>Source</Filter>
    </ClInclude>
    <ClInclude Include="Audio.h">
      <Filter>Source</Filter>
    </ClInclude>
    <ClInclude Include="DebugNew.h">
      <Filter>Source</Filter>
    </ClInclude>
    <ClInclude Include="Camera.h">
      <Filter>Source</Filter>
    </ClInclude>
    <ClInclude Include="Drawable.h">
      <Filter>Source</Filter>
    </ClInclude>
    <ClInclude Include="Entity.h">
      <Filter>Source</Filter>
    </ClInclude>
    <ClInclude Include="Events.h">
      <Filter>Source</Filter>
    </ClInclude>
    <ClInclude Include="GlobalCache.h">
      <Filter>Source</Filter>
    </ClInclude>
    <ClInclude Include="Logger.h">
      <Filter>Source</Filter>
    </ClInclude>
    <ClInclude Include="Material.h">
      <Filter>Source</Filter>
    </ClInclude>
    <ClInclude Include="MathUtil.h">
      <Filter>Source</Filter>
    </ClInclude>
    <ClInclude Include="Mesh.h">
      <Filter>Source</Filter>
    </ClInclude>
    <ClInclude Include="Node.h">
      <Filter>Source</Filter>
    </ClInclude>
    <ClInclude Include="ParameterBlock.h">
      <Filter>Source</Filter>
    </ClInclude>
    <ClInclude Include="Plugin.h">
      <Filter>Source</Filter>
    </ClInclude>
    <ClInclude Include="PluginManager.h">
      <Filter>Source</Filter>
    </ClInclude>
    <ClInclude Include="Primative.h">
      <Filter>Source</Filter>
    </ClInclude>
    <ClInclude Include="Renderer.h">
      <Filter>Source</Filter>
    </ClInclude>
    <ClInclude Include="RenderState.h">
      <Filter>Source</Filter>
    </ClInclude>
    <ClInclude Include="Resource.h">
      <Filter>Source</Filter>
    </ClInclude>
    <ClInclude Include="ResourceManager.h">
      <Filter>Source</Filter>
    </ClInclude>
    <ClInclude Include="Scene.h">
      <Filter>Source</Filter>
    </ClInclude>
    <ClInclude Include="Serialize.h">
      <Filter>Source</Filter>
    </ClInclude>
    <ClInclude Include="Shader.h">
      <Filter>Source</Filter>
    </ClInclude>
    <ClInclude Include="Skeleton.h">
      <Filter>Source</Filter>
    </ClInclude>
    <ClInclude Include="SpriteSheet.h">
      <Filter>Source</Filter>
    </ClInclude>
    <ClInclude Include="StateMachine.h">
      <Filter>Source</Filter>
    </ClInclude>
    <ClInclude Include="stdafx.h">
      <Filter>Source</Filter>
    </ClInclude>
    <ClInclude Include="Surface.h">
      <Filter>Source</Filter>
    </ClInclude>
    <ClInclude Include="Texture.h">
      <Filter>Source</Filter>
    </ClInclude>
    <ClInclude Include="ToolKit.h">
      <Filter>Source</Filter>
    </ClInclude>
    <ClInclude Include="Types.h">
      <Filter>Source</Filter>
    </ClInclude>
    <ClInclude Include="UIManager.h">
      <Filter>Source</Filter>
    </ClInclude>
    <ClInclude Include="Util.h">
      <Filter>Source</Filter>
    </ClInclude>
    <ClInclude Include="Viewport.h">
      <Filter>Source</Filter>
    </ClInclude>
    <ClInclude Include="Light.h">
      <Filter>Source</Filter>
    </ClInclude>
    <ClInclude Include="FileManager.h">
      <Filter>Source</Filter>
    </ClInclude>
    <ClInclude Include="Component.h">
      <Filter>Source\Component</Filter>
    </ClInclude>
    <ClInclude Include="ResourceComponent.h">
      <Filter>Source\Component</Filter>
    </ClInclude>
    <ClInclude Include="DirectionComponent.h">
      <Filter>Source\Component</Filter>
    </ClInclude>
    <ClInclude Include="Sky.h">
      <Filter>Source</Filter>
    </ClInclude>
  </ItemGroup>
</Project>