<?xml version="1.0" encoding="utf-8"?>
<Project ToolsVersion="4.0" xmlns="http://schemas.microsoft.com/developer/msbuild/2003">
  <ItemGroup>
    <Filter Include="Source">
      <UniqueIdentifier>{5d7c91b3-3e76-4170-afdb-29e937ab562d}</UniqueIdentifier>
    </Filter>
  </ItemGroup>
  <ItemGroup>
    <ClInclude Include="App.h">
      <Filter>Source</Filter>
    </ClInclude>
    <ClInclude Include="Explosion.h">
      <Filter>Source</Filter>
    </ClInclude>
    <ClInclude Include="Meteor.h">
      <Filter>Source</Filter>
    </ClInclude>
    <ClInclude Include="PowerUp.h">
      <Filter>Source</Filter>
    </ClInclude>
    <ClInclude Include="Projectile.h">
      <Filter>Source</Filter>
    </ClInclude>
    <ClInclude Include="Ship.h">
      <Filter>Source</Filter>
    </ClInclude>
  </ItemGroup>
  <ItemGroup>
    <ClCompile Include="main.cpp">
      <Filter>Source</Filter>
    </ClCompile>
  </ItemGroup>
</Project>